
Microsoft Visual Studio Solution File, Format Version 12.00
Project("{FAE04EC0-301F-11D3-BF4B-00C04F79EFBC}") = "ECommerce.UI", "ECommerce.UI\ECommerce.UI.csproj", "{80285DDF-20F1-4D7B-B461-D632306F1238}"
EndProject
Project("{FAE04EC0-301F-11D3-BF4B-00C04F79EFBC}") = "ECommerce", "ECommerce\ECommerce.csproj", "{A59BB0ED-84BB-459B-9442-2371FDA55C51}"
EndProject
Project("{FAE04EC0-301F-11D3-BF4B-00C04F79EFBC}") = "ECommerce.Business", "ECommerce.Business\ECommerce.Business.csproj", "{858447FE-068F-435D-89BE-7350A355B043}"
EndProject
Project("{FAE04EC0-301F-11D3-BF4B-00C04F79EFBC}") = "ECommerce.Data", "ECommerce.Data\ECommerce.Data.csproj", "{2BA29EF7-720F-4543-BFBB-01A9ECD04332}"
EndProject
Global
	GlobalSection(SolutionConfigurationPlatforms) = preSolution
		Debug|Any CPU = Debug|Any CPU
		Release|Any CPU = Release|Any CPU
	EndGlobalSection
	GlobalSection(ProjectConfigurationPlatforms) = postSolution
		{80285DDF-20F1-4D7B-B461-D632306F1238}.Debug|Any CPU.ActiveCfg = Debug|Any CPU
		{80285DDF-20F1-4D7B-B461-D632306F1238}.Debug|Any CPU.Build.0 = Debug|Any CPU
		{80285DDF-20F1-4D7B-B461-D632306F1238}.Release|Any CPU.ActiveCfg = Release|Any CPU
		{80285DDF-20F1-4D7B-B461-D632306F1238}.Release|Any CPU.Build.0 = Release|Any CPU
		{A59BB0ED-84BB-459B-9442-2371FDA55C51}.Debug|Any CPU.ActiveCfg = Debug|Any CPU
		{A59BB0ED-84BB-459B-9442-2371FDA55C51}.Debug|Any CPU.Build.0 = Debug|Any CPU
		{A59BB0ED-84BB-459B-9442-2371FDA55C51}.Release|Any CPU.ActiveCfg = Release|Any CPU
		{A59BB0ED-84BB-459B-9442-2371FDA55C51}.Release|Any CPU.Build.0 = Release|Any CPU
		{858447FE-068F-435D-89BE-7350A355B043}.Debug|Any CPU.ActiveCfg = Debug|Any CPU
		{858447FE-068F-435D-89BE-7350A355B043}.Debug|Any CPU.Build.0 = Debug|Any CPU
		{858447FE-068F-435D-89BE-7350A355B043}.Release|Any CPU.ActiveCfg = Release|Any CPU
		{858447FE-068F-435D-89BE-7350A355B043}.Release|Any CPU.Build.0 = Release|Any CPU
		{2BA29EF7-720F-4543-BFBB-01A9ECD04332}.Debug|Any CPU.ActiveCfg = Debug|Any CPU
		{2BA29EF7-720F-4543-BFBB-01A9ECD04332}.Debug|Any CPU.Build.0 = Debug|Any CPU
		{2BA29EF7-720F-4543-BFBB-01A9ECD04332}.Release|Any CPU.ActiveCfg = Release|Any CPU
		{2BA29EF7-720F-4543-BFBB-01A9ECD04332}.Release|Any CPU.Build.0 = Release|Any CPU
	EndGlobalSection
EndGlobal
